// !$*UTF8*$!
{
	archiveVersion = 1;
	classes = {
	};
	objectVersion = 46;
	objects = {

/* Begin PBXBuildFile section */
		BFDCA52D1F853B5C00270092 /* main.cpp in Sources */ = {isa = PBXBuildFile; fileRef = BFDCA52C1F853B5C00270092 /* main.cpp */; };
		BFDCA5351F853C0700270092 /* Broodmandje.cpp in Sources */ = {isa = PBXBuildFile; fileRef = BFDCA5331F853C0700270092 /* Broodmandje.cpp */; };
		BFDCA5381F853C1A00270092 /* Broodje.cpp in Sources */ = {isa = PBXBuildFile; fileRef = BFDCA5361F853C1A00270092 /* Broodje.cpp */; };
/* End PBXBuildFile section */

/* Begin PBXCopyFilesBuildPhase section */
		BFDCA5271F853B5C00270092 /* CopyFiles */ = {
			isa = PBXCopyFilesBuildPhase;
			buildActionMask = 2147483647;
			dstPath = /usr/share/man/man1/;
			dstSubfolderSpec = 0;
			files = (
			);
			runOnlyForDeploymentPostprocessing = 1;
		};
/* End PBXCopyFilesBuildPhase section */

/* Begin PBXFileReference section */
		BFDCA5291F853B5C00270092 /* Broodje */ = {isa = PBXFileReference; explicitFileType = "compiled.mach-o.executable"; includeInIndex = 0; path = Broodje; sourceTree = BUILT_PRODUCTS_DIR; };
		BFDCA52C1F853B5C00270092 /* main.cpp */ = {isa = PBXFileReference; lastKnownFileType = sourcecode.cpp.cpp; path = main.cpp; sourceTree = "<group>"; };
		BFDCA5331F853C0700270092 /* Broodmandje.cpp */ = {isa = PBXFileReference; fileEncoding = 4; lastKnownFileType = sourcecode.cpp.cpp; path = Broodmandje.cpp; sourceTree = "<group>"; };
		BFDCA5341F853C0700270092 /* Broodmandje.hpp */ = {isa = PBXFileReference; fileEncoding = 4; lastKnownFileType = sourcecode.cpp.h; path = Broodmandje.hpp; sourceTree = "<group>"; };
		BFDCA5361F853C1A00270092 /* Broodje.cpp */ = {isa = PBXFileReference; fileEncoding = 4; lastKnownFileType = sourcecode.cpp.cpp; path = Broodje.cpp; sourceTree = "<group>"; };
		BFDCA5371F853C1A00270092 /* Broodje.hpp */ = {isa = PBXFileReference; fileEncoding = 4; lastKnownFileType = sourcecode.cpp.h; path = Broodje.hpp; sourceTree = "<group>"; };
/* End PBXFileReference section */

/* Begin PBXFrameworksBuildPhase section */
		BFDCA5261F853B5C00270092 /* Frameworks */ = {
			isa = PBXFrameworksBuildPhase;
			buildActionMask = 2147483647;
			files = (
			);
			runOnlyForDeploymentPostprocessing = 0;
		};
/* End PBXFrameworksBuildPhase section */

/* Begin PBXGroup section */
		BFDCA5201F853B5C00270092 = {
			isa = PBXGroup;
			children = (
				BFDCA52B1F853B5C00270092 /* Broodje */,
				BFDCA52A1F853B5C00270092 /* Products */,
			);
			sourceTree = "<group>";
		};
		BFDCA52A1F853B5C00270092 /* Products */ = {
			isa = PBXGroup;
			children = (
				BFDCA5291F853B5C00270092 /* Broodje */,
			);
			name = Products;
			sourceTree = "<group>";
		};
		BFDCA52B1F853B5C00270092 /* Broodje */ = {
			isa = PBXGroup;
			children = (
				BFDCA52C1F853B5C00270092 /* main.cpp */,
				BFDCA5341F853C0700270092 /* Broodmandje.hpp */,
				BFDCA5331F853C0700270092 /* Broodmandje.cpp */,
				BFDCA5371F853C1A00270092 /* Broodje.hpp */,
				BFDCA5361F853C1A00270092 /* Broodje.cpp */,
			);
			path = Broodje;
			sourceTree = "<group>";
		};
/* End PBXGroup section */

/* Begin PBXNativeTarget section */
		BFDCA5281F853B5C00270092 /* Broodje */ = {
			isa = PBXNativeTarget;
			buildConfigurationList = BFDCA5301F853B5C00270092 /* Build configuration list for PBXNativeTarget "Broodje" */;
			buildPhases = (
				BFDCA5251F853B5C00270092 /* Sources */,
				BFDCA5261F853B5C00270092 /* Frameworks */,
				BFDCA5271F853B5C00270092 /* CopyFiles */,
			);
			buildRules = (
			);
			dependencies = (
			);
			name = Broodje;
			productName = Broodje;
			productReference = BFDCA5291F853B5C00270092 /* Broodje */;
			productType = "com.apple.product-type.tool";
		};
/* End PBXNativeTarget section */

/* Begin PBXProject section */
		BFDCA5211F853B5C00270092 /* Project object */ = {
			isa = PBXProject;
			attributes = {
				LastUpgradeCheck = 0820;
				ORGANIZATIONNAME = "Binnie Bruggeman";
				TargetAttributes = {
					BFDCA5281F853B5C00270092 = {
						CreatedOnToolsVersion = 8.2.1;
						ProvisioningStyle = Automatic;
					};
				};
			};
			buildConfigurationList = BFDCA5241F853B5C00270092 /* Build configuration list for PBXProject "Broodje" */;
			compatibilityVersion = "Xcode 3.2";
			developmentRegion = English;
			hasScannedForEncodings = 0;
			knownRegions = (
				en,
			);
			mainGroup = BFDCA5201F853B5C00270092;
			productRefGroup = BFDCA52A1F853B5C00270092 /* Products */;
			projectDirPath = "";
			projectRoot = "";
			targets = (
				BFDCA5281F853B5C00270092 /* Broodje */,
			);
		};
/* End PBXProject section */

/* Begin PBXSourcesBuildPhase section */
		BFDCA5251F853B5C00270092 /* Sources */ = {
			isa = PBXSourcesBuildPhase;
			buildActionMask = 2147483647;
			files = (
				BFDCA52D1F853B5C00270092 /* main.cpp in Sources */,
				BFDCA5351F853C0700270092 /* Broodmandje.cpp in Sources */,
				BFDCA5381F853C1A00270092 /* Broodje.cpp in Sources */,
			);
			runOnlyForDeploymentPostprocessing = 0;
		};
/* End PBXSourcesBuildPhase section */

/* Begin XCBuildConfiguration section */
		BFDCA52E1F853B5C00270092 /* Debug */ = {
			isa = XCBuildConfiguration;
			buildSettings = {
				ALWAYS_SEARCH_USER_PATHS = NO;
				CLANG_ANALYZER_NONNULL = YES;
				CLANG_CXX_LANGUAGE_STANDARD = "gnu++0x";
				CLANG_CXX_LIBRARY = "libc++";
				CLANG_ENABLE_MODULES = YES;
				CLANG_ENABLE_OBJC_ARC = YES;
				CLANG_WARN_BOOL_CONVERSION = YES;
				CLANG_WARN_CONSTANT_CONVERSION = YES;
				CLANG_WARN_DIRECT_OBJC_ISA_USAGE = YES_ERROR;
				CLANG_WARN_DOCUMENTATION_COMMENTS = YES;
				CLANG_WARN_EMPTY_BODY = YES;
				CLANG_WARN_ENUM_CONVERSION = YES;
				CLANG_WARN_INFINITE_RECURSION = YES;
				CLANG_WARN_INT_CONVERSION = YES;
				CLANG_WARN_OBJC_ROOT_CLASS = YES_ERROR;
				CLANG_WARN_SUSPICIOUS_MOVE = YES;
				CLANG_WARN_UNREACHABLE_CODE = YES;
				CLANG_WARN__DUPLICATE_METHOD_MATCH = YES;
				CODE_SIGN_IDENTITY = "-";
				COPY_PHASE_STRIP = NO;
				DEBUG_INFORMATION_FORMAT = dwarf;
				ENABLE_STRICT_OBJC_MSGSEND = YES;
				ENABLE_TESTABILITY = YES;
				GCC_C_LANGUAGE_STANDARD = gnu99;
				GCC_DYNAMIC_NO_PIC = NO;
				GCC_NO_COMMON_BLOCKS = YES;
				GCC_OPTIMIZATION_LEVEL = 0;
				GCC_PREPROCESSOR_DEFINITIONS = (
					"DEBUG=1",
					"$(inherited)",
				);
				GCC_WARN_64_TO_32_BIT_CONVERSION = YES;
				GCC_WARN_ABOUT_RETURN_TYPE = YES_ERROR;
				GCC_WARN_UNDECLARED_SELECTOR = YES;
				GCC_WARN_UNINITIALIZED_AUTOS = YES_AGGRESSIVE;
				GCC_WARN_UNUSED_FUNCTION = YES;
				GCC_WARN_UNUSED_VARIABLE = YES;
				MACOSX_DEPLOYMENT_TARGET = 10.11;
				MTL_ENABLE_DEBUG_INFO = YES;
				ONLY_ACTIVE_ARCH = YES;
				SDKROOT = macosx;
			};
			name = Debug;
		};
		BFDCA52F1F853B5C00270092 /* Release */ = {
			isa = XCBuildConfiguration;
			buildSettings = {
				ALWAYS_SEARCH_USER_PATHS = NO;
				CLANG_ANALYZER_NONNULL = YES;
				CLANG_CXX_LANGUAGE_STANDARD = "gnu++0x";
				CLANG_CXX_LIBRARY = "libc++";
				CLANG_ENABLE_MODULES = YES;
				CLANG_ENABLE_OBJC_ARC = YES;
				CLANG_WARN_BOOL_CONVERSION = YES;
				CLANG_WARN_CONSTANT_CONVERSION = YES;
				CLANG_WARN_DIRECT_OBJC_ISA_USAGE = YES_ERROR;
				CLANG_WARN_DOCUMENTATION_COMMENTS = YES;
				CLANG_WARN_EMPTY_BODY = YES;
				CLANG_WARN_ENUM_CONVERSION = YES;
				CLANG_WARN_INFINITE_RECURSION = YES;
				CLANG_WARN_INT_CONVERSION = YES;
				CLANG_WARN_OBJC_ROOT_CLASS = YES_ERROR;
				CLANG_WARN_SUSPICIOUS_MOVE = YES;
				CLANG_WARN_UNREACHABLE_CODE = YES;
				CLANG_WARN__DUPLICATE_METHOD_MATCH = YES;
				CODE_SIGN_IDENTITY = "-";
				COPY_PHASE_STRIP = NO;
				DEBUG_INFORMATION_FORMAT = "dwarf-with-dsym";
				ENABLE_NS_ASSERTIONS = NO;
				ENABLE_STRICT_OBJC_MSGSEND = YES;
				GCC_C_LANGUAGE_STANDARD = gnu99;
				GCC_NO_COMMON_BLOCKS = YES;
				GCC_WARN_64_TO_32_BIT_CONVERSION = YES;
				GCC_WARN_ABOUT_RETURN_TYPE = YES_ERROR;
				GCC_WARN_UNDECLARED_SELECTOR = YES;
				GCC_WARN_UNINITIALIZED_AUTOS = YES_AGGRESSIVE;
				GCC_WARN_UNUSED_FUNCTION = YES;
				GCC_WARN_UNUSED_VARIABLE = YES;
				MACOSX_DEPLOYMENT_TARGET = 10.11;
				MTL_ENABLE_DEBUG_INFO = NO;
				SDKROOT = macosx;
			};
			name = Release;
		};
		BFDCA5311F853B5C00270092 /* Debug */ = {
			isa = XCBuildConfiguration;
			buildSettings = {
				PRODUCT_NAME = "$(TARGET_NAME)";
			};
			name = Debug;
		};
		BFDCA5321F853B5C00270092 /* Release */ = {
			isa = XCBuildConfiguration;
			buildSettings = {
				PRODUCT_NAME = "$(TARGET_NAME)";
			};
			name = Release;
		};
/* End XCBuildConfiguration section */

/* Begin XCConfigurationList section */
		BFDCA5241F853B5C00270092 /* Build configuration list for PBXProject "Broodje" */ = {
			isa = XCConfigurationList;
			buildConfigurations = (
				BFDCA52E1F853B5C00270092 /* Debug */,
				BFDCA52F1F853B5C00270092 /* Release */,
			);
			defaultConfigurationIsVisible = 0;
			defaultConfigurationName = Release;
		};
		BFDCA5301F853B5C00270092 /* Build configuration list for PBXNativeTarget "Broodje" */ = {
			isa = XCConfigurationList;
			buildConfigurations = (
				BFDCA5311F853B5C00270092 /* Debug */,
				BFDCA5321F853B5C00270092 /* Release */,
			);
			defaultConfigurationIsVisible = 0;
		};
/* End XCConfigurationList section */
	};
	rootObject = BFDCA5211F853B5C00270092 /* Project object */;
}
