// !$*UTF8*$!
{
	archiveVersion = 1;
	classes = {
	};
	objectVersion = 46;
	objects = {

/* Begin PBXBuildFile section */
		BFB925651F8E743000748795 /* Broodje.cpp in Sources */ = {isa = PBXBuildFile; fileRef = BFB925601F8E743000748795 /* Broodje.cpp */; };
		BFB925661F8E743000748795 /* Broodmandje.cpp in Sources */ = {isa = PBXBuildFile; fileRef = BFB925621F8E743000748795 /* Broodmandje.cpp */; };
		BFB925671F8E743000748795 /* main.cpp in Sources */ = {isa = PBXBuildFile; fileRef = BFB925641F8E743000748795 /* main.cpp */; };
/* End PBXBuildFile section */

/* Begin PBXCopyFilesBuildPhase section */
		BFB925541F8E741600748795 /* CopyFiles */ = {
			isa = PBXCopyFilesBuildPhase;
			buildActionMask = 2147483647;
			dstPath = /usr/share/man/man1/;
			dstSubfolderSpec = 0;
			files = (
			);
			runOnlyForDeploymentPostprocessing = 1;
		};
/* End PBXCopyFilesBuildPhase section */

/* Begin PBXFileReference section */
		BFB925561F8E741600748795 /* Broodje_Versie2 */ = {isa = PBXFileReference; explicitFileType = "compiled.mach-o.executable"; includeInIndex = 0; path = Broodje_Versie2; sourceTree = BUILT_PRODUCTS_DIR; };
		BFB925601F8E743000748795 /* Broodje.cpp */ = {isa = PBXFileReference; fileEncoding = 4; lastKnownFileType = sourcecode.cpp.cpp; name = Broodje.cpp; path = ../Broodje.cpp; sourceTree = "<group>"; };
		BFB925611F8E743000748795 /* Broodje.hpp */ = {isa = PBXFileReference; fileEncoding = 4; lastKnownFileType = sourcecode.cpp.h; name = Broodje.hpp; path = ../Broodje.hpp; sourceTree = "<group>"; };
		BFB925621F8E743000748795 /* Broodmandje.cpp */ = {isa = PBXFileReference; fileEncoding = 4; lastKnownFileType = sourcecode.cpp.cpp; name = Broodmandje.cpp; path = ../Broodmandje.cpp; sourceTree = "<group>"; };
		BFB925631F8E743000748795 /* Broodmandje.hpp */ = {isa = PBXFileReference; fileEncoding = 4; lastKnownFileType = sourcecode.cpp.h; name = Broodmandje.hpp; path = ../Broodmandje.hpp; sourceTree = "<group>"; };
		BFB925641F8E743000748795 /* main.cpp */ = {isa = PBXFileReference; fileEncoding = 4; lastKnownFileType = sourcecode.cpp.cpp; name = main.cpp; path = ../main.cpp; sourceTree = "<group>"; };
/* End PBXFileReference section */

/* Begin PBXFrameworksBuildPhase section */
		BFB925531F8E741600748795 /* Frameworks */ = {
			isa = PBXFrameworksBuildPhase;
			buildActionMask = 2147483647;
			files = (
			);
			runOnlyForDeploymentPostprocessing = 0;
		};
/* End PBXFrameworksBuildPhase section */

/* Begin PBXGroup section */
		BFB9254D1F8E741600748795 = {
			isa = PBXGroup;
			children = (
				BFB925581F8E741600748795 /* Broodje_Versie2 */,
				BFB925571F8E741600748795 /* Products */,
			);
			sourceTree = "<group>";
		};
		BFB925571F8E741600748795 /* Products */ = {
			isa = PBXGroup;
			children = (
				BFB925561F8E741600748795 /* Broodje_Versie2 */,
			);
			name = Products;
			sourceTree = "<group>";
		};
		BFB925581F8E741600748795 /* Broodje_Versie2 */ = {
			isa = PBXGroup;
			children = (
				BFB925641F8E743000748795 /* main.cpp */,
				BFB925611F8E743000748795 /* Broodje.hpp */,
				BFB925601F8E743000748795 /* Broodje.cpp */,
				BFB925631F8E743000748795 /* Broodmandje.hpp */,
				BFB925621F8E743000748795 /* Broodmandje.cpp */,
			);
			path = Broodje_Versie2;
			sourceTree = "<group>";
		};
/* End PBXGroup section */

/* Begin PBXNativeTarget section */
		BFB925551F8E741600748795 /* Broodje_Versie2 */ = {
			isa = PBXNativeTarget;
			buildConfigurationList = BFB9255D1F8E741700748795 /* Build configuration list for PBXNativeTarget "Broodje_Versie2" */;
			buildPhases = (
				BFB925521F8E741600748795 /* Sources */,
				BFB925531F8E741600748795 /* Frameworks */,
				BFB925541F8E741600748795 /* CopyFiles */,
			);
			buildRules = (
			);
			dependencies = (
			);
			name = Broodje_Versie2;
			productName = Broodje_Versie2;
			productReference = BFB925561F8E741600748795 /* Broodje_Versie2 */;
			productType = "com.apple.product-type.tool";
		};
/* End PBXNativeTarget section */

/* Begin PBXProject section */
		BFB9254E1F8E741600748795 /* Project object */ = {
			isa = PBXProject;
			attributes = {
				LastUpgradeCheck = 0820;
				ORGANIZATIONNAME = "Binnie Bruggeman";
				TargetAttributes = {
					BFB925551F8E741600748795 = {
						CreatedOnToolsVersion = 8.2.1;
						ProvisioningStyle = Automatic;
					};
				};
			};
			buildConfigurationList = BFB925511F8E741600748795 /* Build configuration list for PBXProject "Broodje_Versie2" */;
			compatibilityVersion = "Xcode 3.2";
			developmentRegion = English;
			hasScannedForEncodings = 0;
			knownRegions = (
				en,
			);
			mainGroup = BFB9254D1F8E741600748795;
			productRefGroup = BFB925571F8E741600748795 /* Products */;
			projectDirPath = "";
			projectRoot = "";
			targets = (
				BFB925551F8E741600748795 /* Broodje_Versie2 */,
			);
		};
/* End PBXProject section */

/* Begin PBXSourcesBuildPhase section */
		BFB925521F8E741600748795 /* Sources */ = {
			isa = PBXSourcesBuildPhase;
			buildActionMask = 2147483647;
			files = (
				BFB925661F8E743000748795 /* Broodmandje.cpp in Sources */,
				BFB925671F8E743000748795 /* main.cpp in Sources */,
				BFB925651F8E743000748795 /* Broodje.cpp in Sources */,
			);
			runOnlyForDeploymentPostprocessing = 0;
		};
/* End PBXSourcesBuildPhase section */

/* Begin XCBuildConfiguration section */
		BFB9255B1F8E741600748795 /* Debug */ = {
			isa = XCBuildConfiguration;
			buildSettings = {
				ALWAYS_SEARCH_USER_PATHS = NO;
				CLANG_ANALYZER_NONNULL = YES;
				CLANG_CXX_LANGUAGE_STANDARD = "gnu++0x";
				CLANG_CXX_LIBRARY = "libc++";
				CLANG_ENABLE_MODULES = YES;
				CLANG_ENABLE_OBJC_ARC = YES;
				CLANG_WARN_BOOL_CONVERSION = YES;
				CLANG_WARN_CONSTANT_CONVERSION = YES;
				CLANG_WARN_DIRECT_OBJC_ISA_USAGE = YES_ERROR;
				CLANG_WARN_DOCUMENTATION_COMMENTS = YES;
				CLANG_WARN_EMPTY_BODY = YES;
				CLANG_WARN_ENUM_CONVERSION = YES;
				CLANG_WARN_INFINITE_RECURSION = YES;
				CLANG_WARN_INT_CONVERSION = YES;
				CLANG_WARN_OBJC_ROOT_CLASS = YES_ERROR;
				CLANG_WARN_SUSPICIOUS_MOVE = YES;
				CLANG_WARN_UNREACHABLE_CODE = YES;
				CLANG_WARN__DUPLICATE_METHOD_MATCH = YES;
				CODE_SIGN_IDENTITY = "-";
				COPY_PHASE_STRIP = NO;
				DEBUG_INFORMATION_FORMAT = dwarf;
				ENABLE_STRICT_OBJC_MSGSEND = YES;
				ENABLE_TESTABILITY = YES;
				GCC_C_LANGUAGE_STANDARD = gnu99;
				GCC_DYNAMIC_NO_PIC = NO;
				GCC_NO_COMMON_BLOCKS = YES;
				GCC_OPTIMIZATION_LEVEL = 0;
				GCC_PREPROCESSOR_DEFINITIONS = (
					"DEBUG=1",
					"$(inherited)",
				);
				GCC_WARN_64_TO_32_BIT_CONVERSION = YES;
				GCC_WARN_ABOUT_RETURN_TYPE = YES_ERROR;
				GCC_WARN_UNDECLARED_SELECTOR = YES;
				GCC_WARN_UNINITIALIZED_AUTOS = YES_AGGRESSIVE;
				GCC_WARN_UNUSED_FUNCTION = YES;
				GCC_WARN_UNUSED_VARIABLE = YES;
				MACOSX_DEPLOYMENT_TARGET = 10.11;
				MTL_ENABLE_DEBUG_INFO = YES;
				ONLY_ACTIVE_ARCH = YES;
				SDKROOT = macosx;
			};
			name = Debug;
		};
		BFB9255C1F8E741600748795 /* Release */ = {
			isa = XCBuildConfiguration;
			buildSettings = {
				ALWAYS_SEARCH_USER_PATHS = NO;
				CLANG_ANALYZER_NONNULL = YES;
				CLANG_CXX_LANGUAGE_STANDARD = "gnu++0x";
				CLANG_CXX_LIBRARY = "libc++";
				CLANG_ENABLE_MODULES = YES;
				CLANG_ENABLE_OBJC_ARC = YES;
				CLANG_WARN_BOOL_CONVERSION = YES;
				CLANG_WARN_CONSTANT_CONVERSION = YES;
				CLANG_WARN_DIRECT_OBJC_ISA_USAGE = YES_ERROR;
				CLANG_WARN_DOCUMENTATION_COMMENTS = YES;
				CLANG_WARN_EMPTY_BODY = YES;
				CLANG_WARN_ENUM_CONVERSION = YES;
				CLANG_WARN_INFINITE_RECURSION = YES;
				CLANG_WARN_INT_CONVERSION = YES;
				CLANG_WARN_OBJC_ROOT_CLASS = YES_ERROR;
				CLANG_WARN_SUSPICIOUS_MOVE = YES;
				CLANG_WARN_UNREACHABLE_CODE = YES;
				CLANG_WARN__DUPLICATE_METHOD_MATCH = YES;
				CODE_SIGN_IDENTITY = "-";
				COPY_PHASE_STRIP = NO;
				DEBUG_INFORMATION_FORMAT = "dwarf-with-dsym";
				ENABLE_NS_ASSERTIONS = NO;
				ENABLE_STRICT_OBJC_MSGSEND = YES;
				GCC_C_LANGUAGE_STANDARD = gnu99;
				GCC_NO_COMMON_BLOCKS = YES;
				GCC_WARN_64_TO_32_BIT_CONVERSION = YES;
				GCC_WARN_ABOUT_RETURN_TYPE = YES_ERROR;
				GCC_WARN_UNDECLARED_SELECTOR = YES;
				GCC_WARN_UNINITIALIZED_AUTOS = YES_AGGRESSIVE;
				GCC_WARN_UNUSED_FUNCTION = YES;
				GCC_WARN_UNUSED_VARIABLE = YES;
				MACOSX_DEPLOYMENT_TARGET = 10.11;
				MTL_ENABLE_DEBUG_INFO = NO;
				SDKROOT = macosx;
			};
			name = Release;
		};
		BFB9255E1F8E741700748795 /* Debug */ = {
			isa = XCBuildConfiguration;
			buildSettings = {
				PRODUCT_NAME = "$(TARGET_NAME)";
			};
			name = Debug;
		};
		BFB9255F1F8E741700748795 /* Release */ = {
			isa = XCBuildConfiguration;
			buildSettings = {
				PRODUCT_NAME = "$(TARGET_NAME)";
			};
			name = Release;
		};
/* End XCBuildConfiguration section */

/* Begin XCConfigurationList section */
		BFB925511F8E741600748795 /* Build configuration list for PBXProject "Broodje_Versie2" */ = {
			isa = XCConfigurationList;
			buildConfigurations = (
				BFB9255B1F8E741600748795 /* Debug */,
				BFB9255C1F8E741600748795 /* Release */,
			);
			defaultConfigurationIsVisible = 0;
			defaultConfigurationName = Release;
		};
		BFB9255D1F8E741700748795 /* Build configuration list for PBXNativeTarget "Broodje_Versie2" */ = {
			isa = XCConfigurationList;
			buildConfigurations = (
				BFB9255E1F8E741700748795 /* Debug */,
				BFB9255F1F8E741700748795 /* Release */,
			);
			defaultConfigurationIsVisible = 0;
		};
/* End XCConfigurationList section */
	};
	rootObject = BFB9254E1F8E741600748795 /* Project object */;
}
