// !$*UTF8*$!
{
	archiveVersion = 1;
	classes = {
	};
	objectVersion = 46;
	objects = {

/* Begin PBXBuildFile section */
		BF22650F1F97A04500076843 /* main.cpp in Sources */ = {isa = PBXBuildFile; fileRef = BF22650E1F97A04500076843 /* main.cpp */; };
		BF2265171F97A0B300076843 /* Library.cpp in Sources */ = {isa = PBXBuildFile; fileRef = BF2265151F97A0B300076843 /* Library.cpp */; };
		BF22651A1F97A0BA00076843 /* Book.cpp in Sources */ = {isa = PBXBuildFile; fileRef = BF2265181F97A0BA00076843 /* Book.cpp */; };
/* End PBXBuildFile section */

/* Begin PBXCopyFilesBuildPhase section */
		BF2265091F97A04500076843 /* CopyFiles */ = {
			isa = PBXCopyFilesBuildPhase;
			buildActionMask = 2147483647;
			dstPath = /usr/share/man/man1/;
			dstSubfolderSpec = 0;
			files = (
			);
			runOnlyForDeploymentPostprocessing = 1;
		};
/* End PBXCopyFilesBuildPhase section */

/* Begin PBXFileReference section */
		BF22650B1F97A04500076843 /* LibraryNoMemoryLeaks_3 */ = {isa = PBXFileReference; explicitFileType = "compiled.mach-o.executable"; includeInIndex = 0; path = LibraryNoMemoryLeaks_3; sourceTree = BUILT_PRODUCTS_DIR; };
		BF22650E1F97A04500076843 /* main.cpp */ = {isa = PBXFileReference; lastKnownFileType = sourcecode.cpp.cpp; path = main.cpp; sourceTree = "<group>"; };
		BF2265151F97A0B300076843 /* Library.cpp */ = {isa = PBXFileReference; fileEncoding = 4; lastKnownFileType = sourcecode.cpp.cpp; path = Library.cpp; sourceTree = "<group>"; };
		BF2265161F97A0B300076843 /* Library.hpp */ = {isa = PBXFileReference; fileEncoding = 4; lastKnownFileType = sourcecode.cpp.h; path = Library.hpp; sourceTree = "<group>"; };
		BF2265181F97A0BA00076843 /* Book.cpp */ = {isa = PBXFileReference; fileEncoding = 4; lastKnownFileType = sourcecode.cpp.cpp; path = Book.cpp; sourceTree = "<group>"; };
		BF2265191F97A0BA00076843 /* Book.hpp */ = {isa = PBXFileReference; fileEncoding = 4; lastKnownFileType = sourcecode.cpp.h; path = Book.hpp; sourceTree = "<group>"; };
/* End PBXFileReference section */

/* Begin PBXFrameworksBuildPhase section */
		BF2265081F97A04500076843 /* Frameworks */ = {
			isa = PBXFrameworksBuildPhase;
			buildActionMask = 2147483647;
			files = (
			);
			runOnlyForDeploymentPostprocessing = 0;
		};
/* End PBXFrameworksBuildPhase section */

/* Begin PBXGroup section */
		BF2265021F97A04500076843 = {
			isa = PBXGroup;
			children = (
				BF22650D1F97A04500076843 /* LibraryNoMemoryLeaks_3 */,
				BF22650C1F97A04500076843 /* Products */,
			);
			sourceTree = "<group>";
		};
		BF22650C1F97A04500076843 /* Products */ = {
			isa = PBXGroup;
			children = (
				BF22650B1F97A04500076843 /* LibraryNoMemoryLeaks_3 */,
			);
			name = Products;
			sourceTree = "<group>";
		};
		BF22650D1F97A04500076843 /* LibraryNoMemoryLeaks_3 */ = {
			isa = PBXGroup;
			children = (
				BF22650E1F97A04500076843 /* main.cpp */,
				BF2265161F97A0B300076843 /* Library.hpp */,
				BF2265151F97A0B300076843 /* Library.cpp */,
				BF2265191F97A0BA00076843 /* Book.hpp */,
				BF2265181F97A0BA00076843 /* Book.cpp */,
			);
			path = LibraryNoMemoryLeaks_3;
			sourceTree = "<group>";
		};
/* End PBXGroup section */

/* Begin PBXNativeTarget section */
		BF22650A1F97A04500076843 /* LibraryNoMemoryLeaks_3 */ = {
			isa = PBXNativeTarget;
			buildConfigurationList = BF2265121F97A04500076843 /* Build configuration list for PBXNativeTarget "LibraryNoMemoryLeaks_3" */;
			buildPhases = (
				BF2265071F97A04500076843 /* Sources */,
				BF2265081F97A04500076843 /* Frameworks */,
				BF2265091F97A04500076843 /* CopyFiles */,
			);
			buildRules = (
			);
			dependencies = (
			);
			name = LibraryNoMemoryLeaks_3;
			productName = LibraryNoMemoryLeaks_3;
			productReference = BF22650B1F97A04500076843 /* LibraryNoMemoryLeaks_3 */;
			productType = "com.apple.product-type.tool";
		};
/* End PBXNativeTarget section */

/* Begin PBXProject section */
		BF2265031F97A04500076843 /* Project object */ = {
			isa = PBXProject;
			attributes = {
				LastUpgradeCheck = 0820;
				ORGANIZATIONNAME = "Binnie Bruggeman";
				TargetAttributes = {
					BF22650A1F97A04500076843 = {
						CreatedOnToolsVersion = 8.2.1;
						ProvisioningStyle = Automatic;
					};
				};
			};
			buildConfigurationList = BF2265061F97A04500076843 /* Build configuration list for PBXProject "LibraryNoMemoryLeaks_3" */;
			compatibilityVersion = "Xcode 3.2";
			developmentRegion = English;
			hasScannedForEncodings = 0;
			knownRegions = (
				en,
			);
			mainGroup = BF2265021F97A04500076843;
			productRefGroup = BF22650C1F97A04500076843 /* Products */;
			projectDirPath = "";
			projectRoot = "";
			targets = (
				BF22650A1F97A04500076843 /* LibraryNoMemoryLeaks_3 */,
			);
		};
/* End PBXProject section */

/* Begin PBXSourcesBuildPhase section */
		BF2265071F97A04500076843 /* Sources */ = {
			isa = PBXSourcesBuildPhase;
			buildActionMask = 2147483647;
			files = (
				BF22651A1F97A0BA00076843 /* Book.cpp in Sources */,
				BF22650F1F97A04500076843 /* main.cpp in Sources */,
				BF2265171F97A0B300076843 /* Library.cpp in Sources */,
			);
			runOnlyForDeploymentPostprocessing = 0;
		};
/* End PBXSourcesBuildPhase section */

/* Begin XCBuildConfiguration section */
		BF2265101F97A04500076843 /* Debug */ = {
			isa = XCBuildConfiguration;
			buildSettings = {
				ALWAYS_SEARCH_USER_PATHS = NO;
				CLANG_ANALYZER_NONNULL = YES;
				CLANG_CXX_LANGUAGE_STANDARD = "gnu++0x";
				CLANG_CXX_LIBRARY = "libc++";
				CLANG_ENABLE_MODULES = YES;
				CLANG_ENABLE_OBJC_ARC = YES;
				CLANG_WARN_BOOL_CONVERSION = YES;
				CLANG_WARN_CONSTANT_CONVERSION = YES;
				CLANG_WARN_DIRECT_OBJC_ISA_USAGE = YES_ERROR;
				CLANG_WARN_DOCUMENTATION_COMMENTS = YES;
				CLANG_WARN_EMPTY_BODY = YES;
				CLANG_WARN_ENUM_CONVERSION = YES;
				CLANG_WARN_INFINITE_RECURSION = YES;
				CLANG_WARN_INT_CONVERSION = YES;
				CLANG_WARN_OBJC_ROOT_CLASS = YES_ERROR;
				CLANG_WARN_SUSPICIOUS_MOVE = YES;
				CLANG_WARN_UNREACHABLE_CODE = YES;
				CLANG_WARN__DUPLICATE_METHOD_MATCH = YES;
				CODE_SIGN_IDENTITY = "-";
				COPY_PHASE_STRIP = NO;
				DEBUG_INFORMATION_FORMAT = dwarf;
				ENABLE_STRICT_OBJC_MSGSEND = YES;
				ENABLE_TESTABILITY = YES;
				GCC_C_LANGUAGE_STANDARD = gnu99;
				GCC_DYNAMIC_NO_PIC = NO;
				GCC_NO_COMMON_BLOCKS = YES;
				GCC_OPTIMIZATION_LEVEL = 0;
				GCC_PREPROCESSOR_DEFINITIONS = (
					"DEBUG=1",
					"$(inherited)",
				);
				GCC_WARN_64_TO_32_BIT_CONVERSION = YES;
				GCC_WARN_ABOUT_RETURN_TYPE = YES_ERROR;
				GCC_WARN_UNDECLARED_SELECTOR = YES;
				GCC_WARN_UNINITIALIZED_AUTOS = YES_AGGRESSIVE;
				GCC_WARN_UNUSED_FUNCTION = YES;
				GCC_WARN_UNUSED_VARIABLE = YES;
				MACOSX_DEPLOYMENT_TARGET = 10.11;
				MTL_ENABLE_DEBUG_INFO = YES;
				ONLY_ACTIVE_ARCH = YES;
				SDKROOT = macosx;
			};
			name = Debug;
		};
		BF2265111F97A04500076843 /* Release */ = {
			isa = XCBuildConfiguration;
			buildSettings = {
				ALWAYS_SEARCH_USER_PATHS = NO;
				CLANG_ANALYZER_NONNULL = YES;
				CLANG_CXX_LANGUAGE_STANDARD = "gnu++0x";
				CLANG_CXX_LIBRARY = "libc++";
				CLANG_ENABLE_MODULES = YES;
				CLANG_ENABLE_OBJC_ARC = YES;
				CLANG_WARN_BOOL_CONVERSION = YES;
				CLANG_WARN_CONSTANT_CONVERSION = YES;
				CLANG_WARN_DIRECT_OBJC_ISA_USAGE = YES_ERROR;
				CLANG_WARN_DOCUMENTATION_COMMENTS = YES;
				CLANG_WARN_EMPTY_BODY = YES;
				CLANG_WARN_ENUM_CONVERSION = YES;
				CLANG_WARN_INFINITE_RECURSION = YES;
				CLANG_WARN_INT_CONVERSION = YES;
				CLANG_WARN_OBJC_ROOT_CLASS = YES_ERROR;
				CLANG_WARN_SUSPICIOUS_MOVE = YES;
				CLANG_WARN_UNREACHABLE_CODE = YES;
				CLANG_WARN__DUPLICATE_METHOD_MATCH = YES;
				CODE_SIGN_IDENTITY = "-";
				COPY_PHASE_STRIP = NO;
				DEBUG_INFORMATION_FORMAT = "dwarf-with-dsym";
				ENABLE_NS_ASSERTIONS = NO;
				ENABLE_STRICT_OBJC_MSGSEND = YES;
				GCC_C_LANGUAGE_STANDARD = gnu99;
				GCC_NO_COMMON_BLOCKS = YES;
				GCC_WARN_64_TO_32_BIT_CONVERSION = YES;
				GCC_WARN_ABOUT_RETURN_TYPE = YES_ERROR;
				GCC_WARN_UNDECLARED_SELECTOR = YES;
				GCC_WARN_UNINITIALIZED_AUTOS = YES_AGGRESSIVE;
				GCC_WARN_UNUSED_FUNCTION = YES;
				GCC_WARN_UNUSED_VARIABLE = YES;
				MACOSX_DEPLOYMENT_TARGET = 10.11;
				MTL_ENABLE_DEBUG_INFO = NO;
				SDKROOT = macosx;
			};
			name = Release;
		};
		BF2265131F97A04500076843 /* Debug */ = {
			isa = XCBuildConfiguration;
			buildSettings = {
				PRODUCT_NAME = "$(TARGET_NAME)";
			};
			name = Debug;
		};
		BF2265141F97A04500076843 /* Release */ = {
			isa = XCBuildConfiguration;
			buildSettings = {
				PRODUCT_NAME = "$(TARGET_NAME)";
			};
			name = Release;
		};
/* End XCBuildConfiguration section */

/* Begin XCConfigurationList section */
		BF2265061F97A04500076843 /* Build configuration list for PBXProject "LibraryNoMemoryLeaks_3" */ = {
			isa = XCConfigurationList;
			buildConfigurations = (
				BF2265101F97A04500076843 /* Debug */,
				BF2265111F97A04500076843 /* Release */,
			);
			defaultConfigurationIsVisible = 0;
			defaultConfigurationName = Release;
		};
		BF2265121F97A04500076843 /* Build configuration list for PBXNativeTarget "LibraryNoMemoryLeaks_3" */ = {
			isa = XCConfigurationList;
			buildConfigurations = (
				BF2265131F97A04500076843 /* Debug */,
				BF2265141F97A04500076843 /* Release */,
			);
			defaultConfigurationIsVisible = 0;
		};
/* End XCConfigurationList section */
	};
	rootObject = BF2265031F97A04500076843 /* Project object */;
}
